// !$*UTF8*$!
{
	archiveVersion = 1;
	classes = {
	};
	objectVersion = 48;
	objects = {

/* Begin PBXBuildFile section */
		B61D178D202219EA00983678 /* FileController.cpp in Sources */ = {isa = PBXBuildFile; fileRef = B61D178B202219EA00983678 /* FileController.cpp */; };
		B632F660206A93D600656592 /* BinaryTreeTester.cpp in Sources */ = {isa = PBXBuildFile; fileRef = B632F65E206A93D600656592 /* BinaryTreeTester.cpp */; };
		B6496AC720220BE200B7AA30 /* Controller.cpp in Sources */ = {isa = PBXBuildFile; fileRef = B6496AC520220BE200B7AA30 /* Controller.cpp */; };
		B6496AC920220BEE00B7AA30 /* Runner.cpp in Sources */ = {isa = PBXBuildFile; fileRef = B6496AC820220BEE00B7AA30 /* Runner.cpp */; };
		B6496ACC20220EEB00B7AA30 /* Timer.cpp in Sources */ = {isa = PBXBuildFile; fileRef = B6496ACA20220EEB00B7AA30 /* Timer.cpp */; };
		B64F315320504D62002EC1AA /* CircularListTester.cpp in Sources */ = {isa = PBXBuildFile; fileRef = B64F315120504D62002EC1AA /* CircularListTester.cpp */; };
		B65A3AF1204D8FAC00ABC082 /* RecursionTester.cpp in Sources */ = {isa = PBXBuildFile; fileRef = B65A3AEF204D8FAC00ABC082 /* RecursionTester.cpp */; };
		B684857A202A0034009A0020 /* ArrayTester.cpp in Sources */ = {isa = PBXBuildFile; fileRef = B6848578202A0034009A0020 /* ArrayTester.cpp */; };
		B689EA1A205AB38D0010AE8B /* SortingTester.cpp in Sources */ = {isa = PBXBuildFile; fileRef = B689EA18205AB38D0010AE8B /* SortingTester.cpp */; };
		B6A59DF0204716DC004488A4 /* TestingStacksAndQueues.cpp in Sources */ = {isa = PBXBuildFile; fileRef = B6A59DEE204716DC004488A4 /* TestingStacksAndQueues.cpp */; };
		B6DE207220653AED0042BA6A /* GraphTester.cpp in Sources */ = {isa = PBXBuildFile; fileRef = B6DE207020653AED0042BA6A /* GraphTester.cpp */; };
		B6E65F9820221EC5001240FD /* CrimeData.cpp in Sources */ = {isa = PBXBuildFile; fileRef = B6E65F9720221EC5001240FD /* CrimeData.cpp */; };
		B6EDD009203499D500A63AB1 /* LinkedListTester.cpp in Sources */ = {isa = PBXBuildFile; fileRef = B6EDD007203499D500A63AB1 /* LinkedListTester.cpp */; };
/* End PBXBuildFile section */

/* Begin PBXCopyFilesBuildPhase section */
		B6496AB820220BC500B7AA30 /* CopyFiles */ = {
			isa = PBXCopyFilesBuildPhase;
			buildActionMask = 2147483647;
			dstPath = /usr/share/man/man1/;
			dstSubfolderSpec = 0;
			files = (
			);
			runOnlyForDeploymentPostprocessing = 1;
		};
/* End PBXCopyFilesBuildPhase section */

/* Begin PBXFileReference section */
		B60A06CB20863A9C003AEFC5 /* AVLTree.hpp */ = {isa = PBXFileReference; lastKnownFileType = sourcecode.cpp.h; path = AVLTree.hpp; sourceTree = "<group>"; };
		B61D178B202219EA00983678 /* FileController.cpp */ = {isa = PBXFileReference; lastKnownFileType = sourcecode.cpp.cpp; path = FileController.cpp; sourceTree = "<group>"; };
		B61D178C202219EA00983678 /* FileController.hpp */ = {isa = PBXFileReference; lastKnownFileType = sourcecode.cpp.h; path = FileController.hpp; sourceTree = "<group>"; };
		B632F65C206A8EF300656592 /* BinaryTreeNode.hpp */ = {isa = PBXFileReference; lastKnownFileType = sourcecode.cpp.h; path = BinaryTreeNode.hpp; sourceTree = "<group>"; };
		B632F65E206A93D600656592 /* BinaryTreeTester.cpp */ = {isa = PBXFileReference; lastKnownFileType = sourcecode.cpp.cpp; path = BinaryTreeTester.cpp; sourceTree = "<group>"; };
		B632F65F206A93D600656592 /* BinaryTreeTester.hpp */ = {isa = PBXFileReference; lastKnownFileType = sourcecode.cpp.h; path = BinaryTreeTester.hpp; sourceTree = "<group>"; };
		B632F662206A9F2D00656592 /* Tree.hpp */ = {isa = PBXFileReference; lastKnownFileType = sourcecode.cpp.h; path = Tree.hpp; sourceTree = "<group>"; };
		B63F44E7202CB2F600873578 /* List.hpp */ = {isa = PBXFileReference; lastKnownFileType = sourcecode.cpp.h; path = List.hpp; sourceTree = "<group>"; };
		B63F44EA202CB4C000873578 /* LinearNode.hpp */ = {isa = PBXFileReference; lastKnownFileType = sourcecode.cpp.h; path = LinearNode.hpp; sourceTree = "<group>"; };
		B6496ABA20220BC500B7AA30 /* DataStructures */ = {isa = PBXFileReference; explicitFileType = "compiled.mach-o.executable"; includeInIndex = 0; path = DataStructures; sourceTree = BUILT_PRODUCTS_DIR; };
		B6496AC520220BE200B7AA30 /* Controller.cpp */ = {isa = PBXFileReference; lastKnownFileType = sourcecode.cpp.cpp; path = Controller.cpp; sourceTree = "<group>"; };
		B6496AC620220BE200B7AA30 /* Controller.hpp */ = {isa = PBXFileReference; lastKnownFileType = sourcecode.cpp.h; path = Controller.hpp; sourceTree = "<group>"; };
		B6496AC820220BEE00B7AA30 /* Runner.cpp */ = {isa = PBXFileReference; lastKnownFileType = sourcecode.cpp.cpp; path = Runner.cpp; sourceTree = "<group>"; };
		B6496ACA20220EEB00B7AA30 /* Timer.cpp */ = {isa = PBXFileReference; lastKnownFileType = sourcecode.cpp.cpp; path = Timer.cpp; sourceTree = "<group>"; };
		B6496ACB20220EEB00B7AA30 /* Timer.hpp */ = {isa = PBXFileReference; lastKnownFileType = sourcecode.cpp.h; path = Timer.hpp; sourceTree = "<group>"; };
		B64F315120504D62002EC1AA /* CircularListTester.cpp */ = {isa = PBXFileReference; lastKnownFileType = sourcecode.cpp.cpp; path = CircularListTester.cpp; sourceTree = "<group>"; };
		B64F315220504D62002EC1AA /* CircularListTester.hpp */ = {isa = PBXFileReference; lastKnownFileType = sourcecode.cpp.h; path = CircularListTester.hpp; sourceTree = "<group>"; };
		B65724BC20445EBD00DCF7FD /* DoubleNode.hpp */ = {isa = PBXFileReference; lastKnownFileType = sourcecode.cpp.h; path = DoubleNode.hpp; sourceTree = "<group>"; };
		B65724BF2044632300DCF7FD /* CircularList.hpp */ = {isa = PBXFileReference; lastKnownFileType = sourcecode.cpp.h; path = CircularList.hpp; sourceTree = "<group>"; };
		B65A3AEF204D8FAC00ABC082 /* RecursionTester.cpp */ = {isa = PBXFileReference; lastKnownFileType = sourcecode.cpp.cpp; path = RecursionTester.cpp; sourceTree = "<group>"; };
		B65A3AF0204D8FAC00ABC082 /* RecursionTester.hpp */ = {isa = PBXFileReference; lastKnownFileType = sourcecode.cpp.h; path = RecursionTester.hpp; sourceTree = "<group>"; };
		B6848578202A0034009A0020 /* ArrayTester.cpp */ = {isa = PBXFileReference; lastKnownFileType = sourcecode.cpp.cpp; path = ArrayTester.cpp; sourceTree = "<group>"; };
		B6848579202A0034009A0020 /* ArrayTester.hpp */ = {isa = PBXFileReference; lastKnownFileType = sourcecode.cpp.h; path = ArrayTester.hpp; sourceTree = "<group>"; };
		B6848596202A1134009A0020 /* Node.hpp */ = {isa = PBXFileReference; lastKnownFileType = sourcecode.cpp.h; path = Node.hpp; sourceTree = "<group>"; };
		B689EA18205AB38D0010AE8B /* SortingTester.cpp */ = {isa = PBXFileReference; lastKnownFileType = sourcecode.cpp.cpp; path = SortingTester.cpp; sourceTree = "<group>"; };
		B689EA19205AB38D0010AE8B /* SortingTester.hpp */ = {isa = PBXFileReference; lastKnownFileType = sourcecode.cpp.h; path = SortingTester.hpp; sourceTree = "<group>"; };
		B6A59DEE204716DC004488A4 /* TestingStacksAndQueues.cpp */ = {isa = PBXFileReference; lastKnownFileType = sourcecode.cpp.cpp; path = TestingStacksAndQueues.cpp; sourceTree = "<group>"; };
		B6A59DEF204716DC004488A4 /* TestingStacksAndQueues.hpp */ = {isa = PBXFileReference; lastKnownFileType = sourcecode.cpp.h; path = TestingStacksAndQueues.hpp; sourceTree = "<group>"; };
		B6B590F720600249006B5E54 /* Graph.hpp */ = {isa = PBXFileReference; lastKnownFileType = sourcecode.cpp.h; path = Graph.hpp; sourceTree = "<group>"; };
		B6B614412093735D00463823 /* HashNode.hpp */ = {isa = PBXFileReference; lastKnownFileType = sourcecode.cpp.h; path = HashNode.hpp; sourceTree = "<group>"; };
		B6B614442093765800463823 /* Hashtable.h */ = {isa = PBXFileReference; lastKnownFileType = sourcecode.c.h; path = Hashtable.h; sourceTree = "<group>"; };
		B6CED6AF206D2961005149C3 /* BinarySearchTree.hpp */ = {isa = PBXFileReference; lastKnownFileType = sourcecode.cpp.h; path = BinarySearchTree.hpp; sourceTree = "<group>"; };
		B6D484B82045ABD200AA51B7 /* Queue.hpp */ = {isa = PBXFileReference; lastKnownFileType = sourcecode.cpp.h; path = Queue.hpp; sourceTree = "<group>"; };
		B6D484BB2045ABDE00AA51B7 /* Stack.hpp */ = {isa = PBXFileReference; lastKnownFileType = sourcecode.cpp.h; path = Stack.hpp; sourceTree = "<group>"; };
		B6DE207020653AED0042BA6A /* GraphTester.cpp */ = {isa = PBXFileReference; lastKnownFileType = sourcecode.cpp.cpp; path = GraphTester.cpp; sourceTree = "<group>"; };
		B6DE207120653AED0042BA6A /* GraphTester.hpp */ = {isa = PBXFileReference; lastKnownFileType = sourcecode.cpp.h; path = GraphTester.hpp; sourceTree = "<group>"; };
		B6E65F9520221EC5001240FD /* CrimeData.hpp */ = {isa = PBXFileReference; fileEncoding = 4; lastKnownFileType = sourcecode.cpp.h; path = CrimeData.hpp; sourceTree = "<group>"; };
		B6E65F9720221EC5001240FD /* CrimeData.cpp */ = {isa = PBXFileReference; fileEncoding = 4; lastKnownFileType = sourcecode.cpp.cpp; path = CrimeData.cpp; sourceTree = "<group>"; };
		B6E65F9A20222A1B001240FD /* crimes.csv */ = {isa = PBXFileReference; fileEncoding = 4; lastKnownFileType = text; path = crimes.csv; sourceTree = "<group>"; };
		B6EDD0052034848600A63AB1 /* LinkedList.hpp */ = {isa = PBXFileReference; lastKnownFileType = sourcecode.cpp.h; path = LinkedList.hpp; sourceTree = "<group>"; };
		B6EDD007203499D500A63AB1 /* LinkedListTester.cpp */ = {isa = PBXFileReference; lastKnownFileType = sourcecode.cpp.cpp; path = LinkedListTester.cpp; sourceTree = "<group>"; };
		B6EDD008203499D500A63AB1 /* LinkedListTester.hpp */ = {isa = PBXFileReference; lastKnownFileType = sourcecode.cpp.h; path = LinkedListTester.hpp; sourceTree = "<group>"; };
		B6F40DFF2024BFE6008C853B /* Array.hpp */ = {isa = PBXFileReference; lastKnownFileType = sourcecode.cpp.h; path = Array.hpp; sourceTree = "<group>"; };
/* End PBXFileReference section */

/* Begin PBXFrameworksBuildPhase section */
		B6496AB720220BC500B7AA30 /* Frameworks */ = {
			isa = PBXFrameworksBuildPhase;
			buildActionMask = 2147483647;
			files = (
			);
			runOnlyForDeploymentPostprocessing = 0;
		};
/* End PBXFrameworksBuildPhase section */

/* Begin PBXGroup section */
		B61D178E20221A9D00983678 /* Data */ = {
			isa = PBXGroup;
			children = (
				B6E65F9A20222A1B001240FD /* crimes.csv */,
				B6E65F9720221EC5001240FD /* CrimeData.cpp */,
				B6E65F9520221EC5001240FD /* CrimeData.hpp */,
			);
			path = Data;
			sourceTree = "<group>";
		};
		B6496AB120220BC500B7AA30 = {
			isa = PBXGroup;
			children = (
				B6496ABC20220BC500B7AA30 /* DataStructures */,
				B6496ABB20220BC500B7AA30 /* Products */,
			);
			sourceTree = "<group>";
		};
		B6496ABB20220BC500B7AA30 /* Products */ = {
			isa = PBXGroup;
			children = (
				B6496ABA20220BC500B7AA30 /* DataStructures */,
			);
			name = Products;
			sourceTree = "<group>";
		};
		B6496ABC20220BC500B7AA30 /* DataStructures */ = {
			isa = PBXGroup;
			children = (
				B6848577202A0011009A0020 /* Testers */,
				B6F40DFB2024BF95008C853B /* Model */,
				B61D178E20221A9D00983678 /* Data */,
				B6496AC420220BD000B7AA30 /* Controller */,
			);
			path = DataStructures;
			sourceTree = "<group>";
		};
		B6496AC420220BD000B7AA30 /* Controller */ = {
			isa = PBXGroup;
			children = (
				B6496AC520220BE200B7AA30 /* Controller.cpp */,
				B6496AC620220BE200B7AA30 /* Controller.hpp */,
				B6496AC820220BEE00B7AA30 /* Runner.cpp */,
				B61D178B202219EA00983678 /* FileController.cpp */,
				B61D178C202219EA00983678 /* FileController.hpp */,
				B6496ACD20220EF200B7AA30 /* Tools */,
			);
			path = Controller;
			sourceTree = "<group>";
		};
		B6496ACD20220EF200B7AA30 /* Tools */ = {
			isa = PBXGroup;
			children = (
				B6496ACA20220EEB00B7AA30 /* Timer.cpp */,
				B6496ACB20220EEB00B7AA30 /* Timer.hpp */,
			);
			path = Tools;
			sourceTree = "<group>";
		};
		B65724B920445E5A00DCF7FD /* Linear */ = {
			isa = PBXGroup;
			children = (
				B6EDD0052034848600A63AB1 /* LinkedList.hpp */,
				B6F40DFF2024BFE6008C853B /* Array.hpp */,
				B63F44E7202CB2F600873578 /* List.hpp */,
				B65724BF2044632300DCF7FD /* CircularList.hpp */,
				B6D484B82045ABD200AA51B7 /* Queue.hpp */,
				B6D484BB2045ABDE00AA51B7 /* Stack.hpp */,
			);
			path = Linear;
			sourceTree = "<group>";
		};
		B65724BA20445E6900DCF7FD /* NonLinear */ = {
			isa = PBXGroup;
			children = (
				B6B590F720600249006B5E54 /* Graph.hpp */,
				B632F662206A9F2D00656592 /* Tree.hpp */,
				B6CED6AF206D2961005149C3 /* BinarySearchTree.hpp */,
				B60A06CB20863A9C003AEFC5 /* AVLTree.hpp */,
				B6B614442093765800463823 /* Hashtable.h */,
			);
			path = NonLinear;
			sourceTree = "<group>";
		};
		B6848577202A0011009A0020 /* Testers */ = {
			isa = PBXGroup;
			children = (
				B6A59DEE204716DC004488A4 /* TestingStacksAndQueues.cpp */,
				B6A59DEF204716DC004488A4 /* TestingStacksAndQueues.hpp */,
				B6848578202A0034009A0020 /* ArrayTester.cpp */,
				B6848579202A0034009A0020 /* ArrayTester.hpp */,
				B6EDD007203499D500A63AB1 /* LinkedListTester.cpp */,
				B6EDD008203499D500A63AB1 /* LinkedListTester.hpp */,
				B65A3AEF204D8FAC00ABC082 /* RecursionTester.cpp */,
				B65A3AF0204D8FAC00ABC082 /* RecursionTester.hpp */,
				B64F315120504D62002EC1AA /* CircularListTester.cpp */,
				B64F315220504D62002EC1AA /* CircularListTester.hpp */,
				B689EA18205AB38D0010AE8B /* SortingTester.cpp */,
				B689EA19205AB38D0010AE8B /* SortingTester.hpp */,
				B6DE207020653AED0042BA6A /* GraphTester.cpp */,
				B6DE207120653AED0042BA6A /* GraphTester.hpp */,
				B632F65E206A93D600656592 /* BinaryTreeTester.cpp */,
				B632F65F206A93D600656592 /* BinaryTreeTester.hpp */,
			);
			path = Testers;
			sourceTree = "<group>";
		};
		B6848594202A1113009A0020 /* Nodes */ = {
			isa = PBXGroup;
			children = (
				B65724BC20445EBD00DCF7FD /* DoubleNode.hpp */,
				B6848596202A1134009A0020 /* Node.hpp */,
				B63F44EA202CB4C000873578 /* LinearNode.hpp */,
				B632F65C206A8EF300656592 /* BinaryTreeNode.hpp */,
				B6B614412093735D00463823 /* HashNode.hpp */,
			);
			path = Nodes;
			sourceTree = "<group>";
		};
		B6F40DFB2024BF95008C853B /* Model */ = {
			isa = PBXGroup;
			children = (
				B6848594202A1113009A0020 /* Nodes */,
				B6F40DFC2024BFA0008C853B /* Structures */,
			);
			path = Model;
			sourceTree = "<group>";
		};
		B6F40DFC2024BFA0008C853B /* Structures */ = {
			isa = PBXGroup;
			children = (
				B65724BA20445E6900DCF7FD /* NonLinear */,
				B65724B920445E5A00DCF7FD /* Linear */,
			);
			path = Structures;
			sourceTree = "<group>";
		};
/* End PBXGroup section */

/* Begin PBXNativeTarget section */
		B6496AB920220BC500B7AA30 /* DataStructures */ = {
			isa = PBXNativeTarget;
			buildConfigurationList = B6496AC120220BC500B7AA30 /* Build configuration list for PBXNativeTarget "DataStructures" */;
			buildPhases = (
				B6496AB620220BC500B7AA30 /* Sources */,
				B6496AB720220BC500B7AA30 /* Frameworks */,
				B6496AB820220BC500B7AA30 /* CopyFiles */,
			);
			buildRules = (
			);
			dependencies = (
			);
			name = DataStructures;
			productName = DataStructures;
			productReference = B6496ABA20220BC500B7AA30 /* DataStructures */;
			productType = "com.apple.product-type.tool";
		};
/* End PBXNativeTarget section */

/* Begin PBXProject section */
		B6496AB220220BC500B7AA30 /* Project object */ = {
			isa = PBXProject;
			attributes = {
				LastUpgradeCheck = 0900;
				ORGANIZATIONNAME = CTEC;
				TargetAttributes = {
					B6496AB920220BC500B7AA30 = {
						CreatedOnToolsVersion = 9.0;
						ProvisioningStyle = Automatic;
					};
				};
			};
			buildConfigurationList = B6496AB520220BC500B7AA30 /* Build configuration list for PBXProject "DataStructures" */;
			compatibilityVersion = "Xcode 8.0";
			developmentRegion = en;
			hasScannedForEncodings = 0;
			knownRegions = (
				en,
			);
			mainGroup = B6496AB120220BC500B7AA30;
			productRefGroup = B6496ABB20220BC500B7AA30 /* Products */;
			projectDirPath = "";
			projectRoot = "";
			targets = (
				B6496AB920220BC500B7AA30 /* DataStructures */,
			);
		};
/* End PBXProject section */

/* Begin PBXSourcesBuildPhase section */
		B6496AB620220BC500B7AA30 /* Sources */ = {
			isa = PBXSourcesBuildPhase;
			buildActionMask = 2147483647;
			files = (
				B65A3AF1204D8FAC00ABC082 /* RecursionTester.cpp in Sources */,
				B6496ACC20220EEB00B7AA30 /* Timer.cpp in Sources */,
				B6E65F9820221EC5001240FD /* CrimeData.cpp in Sources */,
				B632F660206A93D600656592 /* BinaryTreeTester.cpp in Sources */,
				B6496AC720220BE200B7AA30 /* Controller.cpp in Sources */,
				B6496AC920220BEE00B7AA30 /* Runner.cpp in Sources */,
				B6DE207220653AED0042BA6A /* GraphTester.cpp in Sources */,
				B6EDD009203499D500A63AB1 /* LinkedListTester.cpp in Sources */,
				B6A59DF0204716DC004488A4 /* TestingStacksAndQueues.cpp in Sources */,
				B689EA1A205AB38D0010AE8B /* SortingTester.cpp in Sources */,
				B684857A202A0034009A0020 /* ArrayTester.cpp in Sources */,
				B61D178D202219EA00983678 /* FileController.cpp in Sources */,
				B64F315320504D62002EC1AA /* CircularListTester.cpp in Sources */,
			);
			runOnlyForDeploymentPostprocessing = 0;
		};
/* End PBXSourcesBuildPhase section */

/* Begin XCBuildConfiguration section */
		B6496ABF20220BC500B7AA30 /* Debug */ = {
			isa = XCBuildConfiguration;
			buildSettings = {
				ALWAYS_SEARCH_USER_PATHS = NO;
				CLANG_ANALYZER_NONNULL = YES;
				CLANG_ANALYZER_NUMBER_OBJECT_CONVERSION = YES_AGGRESSIVE;
				CLANG_CXX_LANGUAGE_STANDARD = "gnu++14";
				CLANG_CXX_LIBRARY = "libc++";
				CLANG_ENABLE_MODULES = YES;
				CLANG_ENABLE_OBJC_ARC = YES;
				CLANG_WARN_BLOCK_CAPTURE_AUTORELEASING = YES;
				CLANG_WARN_BOOL_CONVERSION = YES;
				CLANG_WARN_COMMA = YES;
				CLANG_WARN_CONSTANT_CONVERSION = YES;
				CLANG_WARN_DIRECT_OBJC_ISA_USAGE = YES_ERROR;
				CLANG_WARN_DOCUMENTATION_COMMENTS = YES;
				CLANG_WARN_EMPTY_BODY = YES;
				CLANG_WARN_ENUM_CONVERSION = YES;
				CLANG_WARN_INFINITE_RECURSION = YES;
				CLANG_WARN_INT_CONVERSION = YES;
				CLANG_WARN_NON_LITERAL_NULL_CONVERSION = YES;
				CLANG_WARN_OBJC_LITERAL_CONVERSION = YES;
				CLANG_WARN_OBJC_ROOT_CLASS = YES_ERROR;
				CLANG_WARN_RANGE_LOOP_ANALYSIS = YES;
				CLANG_WARN_STRICT_PROTOTYPES = YES;
				CLANG_WARN_SUSPICIOUS_MOVE = YES;
				CLANG_WARN_UNGUARDED_AVAILABILITY = YES_AGGRESSIVE;
				CLANG_WARN_UNREACHABLE_CODE = YES;
				CLANG_WARN__DUPLICATE_METHOD_MATCH = YES;
				CODE_SIGN_IDENTITY = "-";
				COPY_PHASE_STRIP = NO;
				DEBUG_INFORMATION_FORMAT = dwarf;
				ENABLE_STRICT_OBJC_MSGSEND = YES;
				ENABLE_TESTABILITY = YES;
				GCC_C_LANGUAGE_STANDARD = gnu11;
				GCC_DYNAMIC_NO_PIC = NO;
				GCC_NO_COMMON_BLOCKS = YES;
				GCC_OPTIMIZATION_LEVEL = 0;
				GCC_PREPROCESSOR_DEFINITIONS = (
					"DEBUG=1",
					"$(inherited)",
				);
				GCC_WARN_64_TO_32_BIT_CONVERSION = YES;
				GCC_WARN_ABOUT_RETURN_TYPE = YES_ERROR;
				GCC_WARN_UNDECLARED_SELECTOR = YES;
				GCC_WARN_UNINITIALIZED_AUTOS = YES_AGGRESSIVE;
				GCC_WARN_UNUSED_FUNCTION = YES;
				GCC_WARN_UNUSED_VARIABLE = YES;
				MACOSX_DEPLOYMENT_TARGET = 10.12;
				MTL_ENABLE_DEBUG_INFO = YES;
				ONLY_ACTIVE_ARCH = YES;
				SDKROOT = macosx;
			};
			name = Debug;
		};
		B6496AC020220BC500B7AA30 /* Release */ = {
			isa = XCBuildConfiguration;
			buildSettings = {
				ALWAYS_SEARCH_USER_PATHS = NO;
				CLANG_ANALYZER_NONNULL = YES;
				CLANG_ANALYZER_NUMBER_OBJECT_CONVERSION = YES_AGGRESSIVE;
				CLANG_CXX_LANGUAGE_STANDARD = "gnu++14";
				CLANG_CXX_LIBRARY = "libc++";
				CLANG_ENABLE_MODULES = YES;
				CLANG_ENABLE_OBJC_ARC = YES;
				CLANG_WARN_BLOCK_CAPTURE_AUTORELEASING = YES;
				CLANG_WARN_BOOL_CONVERSION = YES;
				CLANG_WARN_COMMA = YES;
				CLANG_WARN_CONSTANT_CONVERSION = YES;
				CLANG_WARN_DIRECT_OBJC_ISA_USAGE = YES_ERROR;
				CLANG_WARN_DOCUMENTATION_COMMENTS = YES;
				CLANG_WARN_EMPTY_BODY = YES;
				CLANG_WARN_ENUM_CONVERSION = YES;
				CLANG_WARN_INFINITE_RECURSION = YES;
				CLANG_WARN_INT_CONVERSION = YES;
				CLANG_WARN_NON_LITERAL_NULL_CONVERSION = YES;
				CLANG_WARN_OBJC_LITERAL_CONVERSION = YES;
				CLANG_WARN_OBJC_ROOT_CLASS = YES_ERROR;
				CLANG_WARN_RANGE_LOOP_ANALYSIS = YES;
				CLANG_WARN_STRICT_PROTOTYPES = YES;
				CLANG_WARN_SUSPICIOUS_MOVE = YES;
				CLANG_WARN_UNGUARDED_AVAILABILITY = YES_AGGRESSIVE;
				CLANG_WARN_UNREACHABLE_CODE = YES;
				CLANG_WARN__DUPLICATE_METHOD_MATCH = YES;
				CODE_SIGN_IDENTITY = "-";
				COPY_PHASE_STRIP = NO;
				DEBUG_INFORMATION_FORMAT = "dwarf-with-dsym";
				ENABLE_NS_ASSERTIONS = NO;
				ENABLE_STRICT_OBJC_MSGSEND = YES;
				GCC_C_LANGUAGE_STANDARD = gnu11;
				GCC_NO_COMMON_BLOCKS = YES;
				GCC_WARN_64_TO_32_BIT_CONVERSION = YES;
				GCC_WARN_ABOUT_RETURN_TYPE = YES_ERROR;
				GCC_WARN_UNDECLARED_SELECTOR = YES;
				GCC_WARN_UNINITIALIZED_AUTOS = YES_AGGRESSIVE;
				GCC_WARN_UNUSED_FUNCTION = YES;
				GCC_WARN_UNUSED_VARIABLE = YES;
				MACOSX_DEPLOYMENT_TARGET = 10.12;
				MTL_ENABLE_DEBUG_INFO = NO;
				SDKROOT = macosx;
			};
			name = Release;
		};
		B6496AC220220BC500B7AA30 /* Debug */ = {
			isa = XCBuildConfiguration;
			buildSettings = {
				CODE_SIGN_STYLE = Automatic;
				PRODUCT_NAME = "$(TARGET_NAME)";
			};
			name = Debug;
		};
		B6496AC320220BC500B7AA30 /* Release */ = {
			isa = XCBuildConfiguration;
			buildSettings = {
				CODE_SIGN_STYLE = Automatic;
				PRODUCT_NAME = "$(TARGET_NAME)";
			};
			name = Release;
		};
/* End XCBuildConfiguration section */

/* Begin XCConfigurationList section */
		B6496AB520220BC500B7AA30 /* Build configuration list for PBXProject "DataStructures" */ = {
			isa = XCConfigurationList;
			buildConfigurations = (
				B6496ABF20220BC500B7AA30 /* Debug */,
				B6496AC020220BC500B7AA30 /* Release */,
			);
			defaultConfigurationIsVisible = 0;
			defaultConfigurationName = Release;
		};
		B6496AC120220BC500B7AA30 /* Build configuration list for PBXNativeTarget "DataStructures" */ = {
			isa = XCConfigurationList;
			buildConfigurations = (
				B6496AC220220BC500B7AA30 /* Debug */,
				B6496AC320220BC500B7AA30 /* Release */,
			);
			defaultConfigurationIsVisible = 0;
			defaultConfigurationName = Release;
		};
/* End XCConfigurationList section */
	};
	rootObject = B6496AB220220BC500B7AA30 /* Project object */;
}
